
Microsoft Visual Studio Solution File, Format Version 12.00
# Visual Studio Version 16
VisualStudioVersion = 16.0.31005.135
MinimumVisualStudioVersion = 10.0.40219.1
Project("{FAE04EC0-301F-11D3-BF4B-00C04F79EFBC}") = "problema2", "problema2\problema2.csproj", "{5369D250-B82C-4DEE-B22E-961D47AB565B}"
EndProject
Global
	GlobalSection(SolutionConfigurationPlatforms) = preSolution
		Debug|Any CPU = Debug|Any CPU
		Release|Any CPU = Release|Any CPU
	EndGlobalSection
	GlobalSection(ProjectConfigurationPlatforms) = postSolution
		{5369D250-B82C-4DEE-B22E-961D47AB565B}.Debug|Any CPU.ActiveCfg = Debug|Any CPU
		{5369D250-B82C-4DEE-B22E-961D47AB565B}.Debug|Any CPU.Build.0 = Debug|Any CPU
		{5369D250-B82C-4DEE-B22E-961D47AB565B}.Release|Any CPU.ActiveCfg = Release|Any CPU
		{5369D250-B82C-4DEE-B22E-961D47AB565B}.Release|Any CPU.Build.0 = Release|Any CPU
	EndGlobalSection
	GlobalSection(SolutionProperties) = preSolution
		HideSolutionNode = FALSE
	EndGlobalSection
	GlobalSection(ExtensibilityGlobals) = postSolution
		SolutionGuid = {E930326D-B052-43D4-82F9-25085110B251}
	EndGlobalSection
EndGlobal
